
Microsoft Visual Studio Solution File, Format Version 12.00
# Visual Studio Version 16
VisualStudioVersion = 16.0.30907.101
MinimumVisualStudioVersion = 10.0.40219.1
Project("{9A19103F-16F7-4668-BE54-9A1E7A4F7556}") = "lecture_14", "lecture_14\lecture_14.csproj", "{62198E48-C436-4A33-88D6-A605E3746248}"
EndProject
Project("{FAE04EC0-301F-11D3-BF4B-00C04F79EFBC}") = "lecture_18", "lecture_18\lecture_18.csproj", "{7408C479-E8DB-4052-8145-22EA7A45B2D6}"
EndProject
Global
	GlobalSection(SolutionConfigurationPlatforms) = preSolution
		Debug|Any CPU = Debug|Any CPU
		Release|Any CPU = Release|Any CPU
	EndGlobalSection
	GlobalSection(ProjectConfigurationPlatforms) = postSolution
		{62198E48-C436-4A33-88D6-A605E3746248}.Debug|Any CPU.ActiveCfg = Debug|Any CPU
		{62198E48-C436-4A33-88D6-A605E3746248}.Debug|Any CPU.Build.0 = Debug|Any CPU
		{62198E48-C436-4A33-88D6-A605E3746248}.Release|Any CPU.ActiveCfg = Release|Any CPU
		{62198E48-C436-4A33-88D6-A605E3746248}.Release|Any CPU.Build.0 = Release|Any CPU
		{7408C479-E8DB-4052-8145-22EA7A45B2D6}.Debug|Any CPU.ActiveCfg = Debug|Any CPU
		{7408C479-E8DB-4052-8145-22EA7A45B2D6}.Debug|Any CPU.Build.0 = Debug|Any CPU
		{7408C479-E8DB-4052-8145-22EA7A45B2D6}.Release|Any CPU.ActiveCfg = Release|Any CPU
		{7408C479-E8DB-4052-8145-22EA7A45B2D6}.Release|Any CPU.Build.0 = Release|Any CPU
	EndGlobalSection
	GlobalSection(SolutionProperties) = preSolution
		HideSolutionNode = FALSE
	EndGlobalSection
	GlobalSection(ExtensibilityGlobals) = postSolution
		SolutionGuid = {A9627B95-07D2-4297-AA70-309A1DA9FC95}
	EndGlobalSection
EndGlobal
