
Microsoft Visual Studio Solution File, Format Version 12.00
# Visual Studio Version 16
VisualStudioVersion = 16.0.30907.101
MinimumVisualStudioVersion = 10.0.40219.1
Project("{FAE04EC0-301F-11D3-BF4B-00C04F79EFBC}") = "GoodDay", "GoodDay\GoodDay.csproj", "{65434F89-46E1-422D-B7F1-57706BA772FF}"
EndProject
Global
	GlobalSection(SolutionConfigurationPlatforms) = preSolution
		Debug|Any CPU = Debug|Any CPU
		Release|Any CPU = Release|Any CPU
	EndGlobalSection
	GlobalSection(ProjectConfigurationPlatforms) = postSolution
		{65434F89-46E1-422D-B7F1-57706BA772FF}.Debug|Any CPU.ActiveCfg = Debug|Any CPU
		{65434F89-46E1-422D-B7F1-57706BA772FF}.Debug|Any CPU.Build.0 = Debug|Any CPU
		{65434F89-46E1-422D-B7F1-57706BA772FF}.Release|Any CPU.ActiveCfg = Release|Any CPU
		{65434F89-46E1-422D-B7F1-57706BA772FF}.Release|Any CPU.Build.0 = Release|Any CPU
	EndGlobalSection
	GlobalSection(SolutionProperties) = preSolution
		HideSolutionNode = FALSE
	EndGlobalSection
	GlobalSection(ExtensibilityGlobals) = postSolution
		SolutionGuid = {A9627B95-07D2-4297-AA70-309A1DA9FC95}
	EndGlobalSection
EndGlobal
