
Microsoft Visual Studio Solution File, Format Version 12.00
# Visual Studio Version 16
VisualStudioVersion = 16.0.30907.101
MinimumVisualStudioVersion = 10.0.40219.1
Project("{9A19103F-16F7-4668-BE54-9A1E7A4F7556}") = "Lecture10", "Lecture10\Lecture10.csproj", "{DA860B5C-F08F-496E-8A89-FF71A9667FF9}"
EndProject
Project("{FAE04EC0-301F-11D3-BF4B-00C04F79EFBC}") = "lecture_11", "lecture_11\lecture_11.csproj", "{DB219A13-BC72-4972-A5A7-F6B4ED3BEFA5}"
EndProject
Global
	GlobalSection(SolutionConfigurationPlatforms) = preSolution
		Debug|Any CPU = Debug|Any CPU
		Release|Any CPU = Release|Any CPU
	EndGlobalSection
	GlobalSection(ProjectConfigurationPlatforms) = postSolution
		{DA860B5C-F08F-496E-8A89-FF71A9667FF9}.Debug|Any CPU.ActiveCfg = Debug|Any CPU
		{DA860B5C-F08F-496E-8A89-FF71A9667FF9}.Debug|Any CPU.Build.0 = Debug|Any CPU
		{DA860B5C-F08F-496E-8A89-FF71A9667FF9}.Release|Any CPU.ActiveCfg = Release|Any CPU
		{DA860B5C-F08F-496E-8A89-FF71A9667FF9}.Release|Any CPU.Build.0 = Release|Any CPU
		{DB219A13-BC72-4972-A5A7-F6B4ED3BEFA5}.Debug|Any CPU.ActiveCfg = Debug|Any CPU
		{DB219A13-BC72-4972-A5A7-F6B4ED3BEFA5}.Debug|Any CPU.Build.0 = Debug|Any CPU
		{DB219A13-BC72-4972-A5A7-F6B4ED3BEFA5}.Release|Any CPU.ActiveCfg = Release|Any CPU
		{DB219A13-BC72-4972-A5A7-F6B4ED3BEFA5}.Release|Any CPU.Build.0 = Release|Any CPU
	EndGlobalSection
	GlobalSection(SolutionProperties) = preSolution
		HideSolutionNode = FALSE
	EndGlobalSection
	GlobalSection(ExtensibilityGlobals) = postSolution
		SolutionGuid = {A9627B95-07D2-4297-AA70-309A1DA9FC95}
	EndGlobalSection
EndGlobal
